# THIS IS AN AUTOGENERATED FILE. DO NOT EDIT THIS FILE DIRECTLY.
# yarn lockfile v1


fsevents@~2.3.2:
  version "2.3.2"
  resolved "https://registry.yarnpkg.com/fsevents/-/fsevents-2.3.2.tgz#8a526f78b8fdf4623b709e0b975c52c24c02fd1a"
  integrity sha512-xiqMQR4xAeHTuB9uWm+fFRcIOgKBMiOBP+eXiyT7jsgVCq1bkVygt00oASowB7EdtpOHaaPgKt812P9ab+DDKA==

rollup@^3.20.2:
  version "3.20.2"
  resolved "https://registry.yarnpkg.com/rollup/-/rollup-3.20.2.tgz#f798c600317f216de2e4ad9f4d9ab30a89b690ff"
  integrity sha512-3zwkBQl7Ai7MFYQE0y1MeQ15+9jsi7XxfrqwTb/9EK8D9C9+//EBR4M+CuA1KODRaNbFez/lWxA5vhEGZp4MUg==
  optionalDependencies:
    fsevents "~2.3.2"
